// !$*UTF8*$!
{
	archiveVersion = 1;
	classes = {
	};
	objectVersion = 46;
	objects = {

/* Begin PBXBuildFile section */
		0DA84D5143A71C45A1A551E6 /* Pods_VideoLab_Tests.framework in Frameworks */ = {isa = PBXBuildFile; fileRef = 5C12D39790091FABBA1E2A77 /* Pods_VideoLab_Tests.framework */; };
		2E2826A72461506F003E4EA8 /* video4.MOV in Resources */ = {isa = PBXBuildFile; fileRef = 2E2826A62461506F003E4EA8 /* video4.MOV */; };
		2E97F3B0246839680071AC60 /* LUT_M01.png in Resources */ = {isa = PBXBuildFile; fileRef = 2E97F3A6246839680071AC60 /* LUT_M01.png */; };
		2E97F3B1246839680071AC60 /* LUT_M02.png in Resources */ = {isa = PBXBuildFile; fileRef = 2E97F3A7246839680071AC60 /* LUT_M02.png */; };
		2E97F3B2246839680071AC60 /* LUT_M03.png in Resources */ = {isa = PBXBuildFile; fileRef = 2E97F3A8246839680071AC60 /* LUT_M03.png */; };
		2E97F3B3246839680071AC60 /* LUT_M07.png in Resources */ = {isa = PBXBuildFile; fileRef = 2E97F3A9246839680071AC60 /* LUT_M07.png */; };
		2E97F3B4246839680071AC60 /* LUT_M06.png in Resources */ = {isa = PBXBuildFile; fileRef = 2E97F3AA246839680071AC60 /* LUT_M06.png */; };
		2E97F3B5246839680071AC60 /* LUT_M12.png in Resources */ = {isa = PBXBuildFile; fileRef = 2E97F3AB246839680071AC60 /* LUT_M12.png */; };
		2E97F3B6246839680071AC60 /* LUT_M11.png in Resources */ = {isa = PBXBuildFile; fileRef = 2E97F3AC246839680071AC60 /* LUT_M11.png */; };
		2E97F3B7246839680071AC60 /* LUT_M05.png in Resources */ = {isa = PBXBuildFile; fileRef = 2E97F3AD246839680071AC60 /* LUT_M05.png */; };
		2E97F3B8246839680071AC60 /* LUT_M08.png in Resources */ = {isa = PBXBuildFile; fileRef = 2E97F3AE246839680071AC60 /* LUT_M08.png */; };
		2E97F3B9246839680071AC60 /* LUT_M09.png in Resources */ = {isa = PBXBuildFile; fileRef = 2E97F3AF246839680071AC60 /* LUT_M09.png */; };
		2EC322DC24A71DB9005994AE /* PlayerViewController.swift in Sources */ = {isa = PBXBuildFile; fileRef = 2EC322DB24A71DB9005994AE /* PlayerViewController.swift */; };
		2EC47FF72452A31D00D1D335 /* Images.xcassets in Resources */ = {isa = PBXBuildFile; fileRef = 2EC47FF42452A31D00D1D335 /* Images.xcassets */; };
		2EC4800E2452A39400D1D335 /* video3.MOV in Resources */ = {isa = PBXBuildFile; fileRef = 2EC480052452A39300D1D335 /* video3.MOV */; };
		2EC4800F2452A39400D1D335 /* video1.MOV in Resources */ = {isa = PBXBuildFile; fileRef = 2EC480062452A39400D1D335 /* video1.MOV */; };
		2EC480102452A39400D1D335 /* image2.HEIC in Resources */ = {isa = PBXBuildFile; fileRef = 2EC480072452A39400D1D335 /* image2.HEIC */; };
		2EC480112452A39400D1D335 /* LaunchScreen.xib in Resources */ = {isa = PBXBuildFile; fileRef = 2EC480092452A39400D1D335 /* LaunchScreen.xib */; };
		2EC480122452A39400D1D335 /* Main.storyboard in Resources */ = {isa = PBXBuildFile; fileRef = 2EC4800A2452A39400D1D335 /* Main.storyboard */; };
		2EC480132452A39400D1D335 /* video2.MOV in Resources */ = {isa = PBXBuildFile; fileRef = 2EC4800B2452A39400D1D335 /* video2.MOV */; };
		2EC480142452A39400D1D335 /* image3.HEIC in Resources */ = {isa = PBXBuildFile; fileRef = 2EC4800C2452A39400D1D335 /* image3.HEIC */; };
		2EC480152452A39400D1D335 /* image1.JPG in Resources */ = {isa = PBXBuildFile; fileRef = 2EC4800D2452A39400D1D335 /* image1.JPG */; };
		607FACD61AFB9204008FA782 /* AppDelegate.swift in Sources */ = {isa = PBXBuildFile; fileRef = 607FACD51AFB9204008FA782 /* AppDelegate.swift */; };
		607FACD81AFB9204008FA782 /* ViewController.swift in Sources */ = {isa = PBXBuildFile; fileRef = 607FACD71AFB9204008FA782 /* ViewController.swift */; };
		607FACEC1AFB9204008FA782 /* Tests.swift in Sources */ = {isa = PBXBuildFile; fileRef = 607FACEB1AFB9204008FA782 /* Tests.swift */; };
		6C4D41764043BC22E023E4EB /* Pods_VideoLab_Example.framework in Frameworks */ = {isa = PBXBuildFile; fileRef = F18E71C233C6CF0CC7C668D4 /* Pods_VideoLab_Example.framework */; };
/* End PBXBuildFile section */

/* Begin PBXContainerItemProxy section */
		607FACE61AFB9204008FA782 /* PBXContainerItemProxy */ = {
			isa = PBXContainerItemProxy;
			containerPortal = 607FACC81AFB9204008FA782 /* Project object */;
			proxyType = 1;
			remoteGlobalIDString = 607FACCF1AFB9204008FA782;
			remoteInfo = VideoLab;
		};
/* End PBXContainerItemProxy section */

/* Begin PBXFileReference section */
		17730C4D1CE60AFE5DF49FBA /* Pods-VideoLab_Tests.debug.xcconfig */ = {isa = PBXFileReference; includeInIndex = 1; lastKnownFileType = text.xcconfig; name = "Pods-VideoLab_Tests.debug.xcconfig"; path = "Pods/Target Support Files/Pods-VideoLab_Tests/Pods-VideoLab_Tests.debug.xcconfig"; sourceTree = "<group>"; };
		2E2826A62461506F003E4EA8 /* video4.MOV */ = {isa = PBXFileReference; lastKnownFileType = video.quicktime; path = video4.MOV; sourceTree = "<group>"; };
		2E97F3A6246839680071AC60 /* LUT_M01.png */ = {isa = PBXFileReference; lastKnownFileType = image.png; path = LUT_M01.png; sourceTree = "<group>"; };
		2E97F3A7246839680071AC60 /* LUT_M02.png */ = {isa = PBXFileReference; lastKnownFileType = image.png; path = LUT_M02.png; sourceTree = "<group>"; };
		2E97F3A8246839680071AC60 /* LUT_M03.png */ = {isa = PBXFileReference; lastKnownFileType = image.png; path = LUT_M03.png; sourceTree = "<group>"; };
		2E97F3A9246839680071AC60 /* LUT_M07.png */ = {isa = PBXFileReference; lastKnownFileType = image.png; path = LUT_M07.png; sourceTree = "<group>"; };
		2E97F3AA246839680071AC60 /* LUT_M06.png */ = {isa = PBXFileReference; lastKnownFileType = image.png; path = LUT_M06.png; sourceTree = "<group>"; };
		2E97F3AB246839680071AC60 /* LUT_M12.png */ = {isa = PBXFileReference; lastKnownFileType = image.png; path = LUT_M12.png; sourceTree = "<group>"; };
		2E97F3AC246839680071AC60 /* LUT_M11.png */ = {isa = PBXFileReference; lastKnownFileType = image.png; path = LUT_M11.png; sourceTree = "<group>"; };
		2E97F3AD246839680071AC60 /* LUT_M05.png */ = {isa = PBXFileReference; lastKnownFileType = image.png; path = LUT_M05.png; sourceTree = "<group>"; };
		2E97F3AE246839680071AC60 /* LUT_M08.png */ = {isa = PBXFileReference; lastKnownFileType = image.png; path = LUT_M08.png; sourceTree = "<group>"; };
		2E97F3AF246839680071AC60 /* LUT_M09.png */ = {isa = PBXFileReference; lastKnownFileType = image.png; path = LUT_M09.png; sourceTree = "<group>"; };
		2EC322DB24A71DB9005994AE /* PlayerViewController.swift */ = {isa = PBXFileReference; lastKnownFileType = sourcecode.swift; path = PlayerViewController.swift; sourceTree = "<group>"; };
		2EC47FF42452A31D00D1D335 /* Images.xcassets */ = {isa = PBXFileReference; lastKnownFileType = folder.assetcatalog; path = Images.xcassets; sourceTree = "<group>"; };
		2EC480052452A39300D1D335 /* video3.MOV */ = {isa = PBXFileReference; lastKnownFileType = video.quicktime; path = video3.MOV; sourceTree = "<group>"; };
		2EC480062452A39400D1D335 /* video1.MOV */ = {isa = PBXFileReference; lastKnownFileType = video.quicktime; path = video1.MOV; sourceTree = "<group>"; };
		2EC480072452A39400D1D335 /* image2.HEIC */ = {isa = PBXFileReference; lastKnownFileType = file; path = image2.HEIC; sourceTree = "<group>"; };
		2EC480092452A39400D1D335 /* LaunchScreen.xib */ = {isa = PBXFileReference; fileEncoding = 4; lastKnownFileType = file.xib; path = LaunchScreen.xib; sourceTree = "<group>"; };
		2EC4800A2452A39400D1D335 /* Main.storyboard */ = {isa = PBXFileReference; fileEncoding = 4; lastKnownFileType = file.storyboard; path = Main.storyboard; sourceTree = "<group>"; };
		2EC4800B2452A39400D1D335 /* video2.MOV */ = {isa = PBXFileReference; lastKnownFileType = video.quicktime; path = video2.MOV; sourceTree = "<group>"; };
		2EC4800C2452A39400D1D335 /* image3.HEIC */ = {isa = PBXFileReference; lastKnownFileType = file; path = image3.HEIC; sourceTree = "<group>"; };
		2EC4800D2452A39400D1D335 /* image1.JPG */ = {isa = PBXFileReference; lastKnownFileType = image.jpeg; path = image1.JPG; sourceTree = "<group>"; };
		49B85F52A9B716ED3D5F3BCD /* Pods-VideoLab_Tests.release.xcconfig */ = {isa = PBXFileReference; includeInIndex = 1; lastKnownFileType = text.xcconfig; name = "Pods-VideoLab_Tests.release.xcconfig"; path = "Pods/Target Support Files/Pods-VideoLab_Tests/Pods-VideoLab_Tests.release.xcconfig"; sourceTree = "<group>"; };
		4DCAC2D992EEEFE4BD969690 /* LICENSE */ = {isa = PBXFileReference; includeInIndex = 1; lastKnownFileType = text; name = LICENSE; path = ../LICENSE; sourceTree = "<group>"; };
		5C12D39790091FABBA1E2A77 /* Pods_VideoLab_Tests.framework */ = {isa = PBXFileReference; explicitFileType = wrapper.framework; includeInIndex = 0; path = Pods_VideoLab_Tests.framework; sourceTree = BUILT_PRODUCTS_DIR; };
		607FACD01AFB9204008FA782 /* VideoLab_Example.app */ = {isa = PBXFileReference; explicitFileType = wrapper.application; includeInIndex = 0; path = VideoLab_Example.app; sourceTree = BUILT_PRODUCTS_DIR; };
		607FACD41AFB9204008FA782 /* Info.plist */ = {isa = PBXFileReference; lastKnownFileType = text.plist.xml; path = Info.plist; sourceTree = "<group>"; };
		607FACD51AFB9204008FA782 /* AppDelegate.swift */ = {isa = PBXFileReference; lastKnownFileType = sourcecode.swift; path = AppDelegate.swift; sourceTree = "<group>"; };
		607FACD71AFB9204008FA782 /* ViewController.swift */ = {isa = PBXFileReference; lastKnownFileType = sourcecode.swift; path = ViewController.swift; sourceTree = "<group>"; };
		607FACE51AFB9204008FA782 /* VideoLab_Tests.xctest */ = {isa = PBXFileReference; explicitFileType = wrapper.cfbundle; includeInIndex = 0; path = VideoLab_Tests.xctest; sourceTree = BUILT_PRODUCTS_DIR; };
		607FACEA1AFB9204008FA782 /* Info.plist */ = {isa = PBXFileReference; lastKnownFileType = text.plist.xml; path = Info.plist; sourceTree = "<group>"; };
		607FACEB1AFB9204008FA782 /* Tests.swift */ = {isa = PBXFileReference; lastKnownFileType = sourcecode.swift; path = Tests.swift; sourceTree = "<group>"; };
		77416D1BC476BAEDB7B8C955 /* Pods-VideoLab_Example.debug.xcconfig */ = {isa = PBXFileReference; includeInIndex = 1; lastKnownFileType = text.xcconfig; name = "Pods-VideoLab_Example.debug.xcconfig"; path = "Pods/Target Support Files/Pods-VideoLab_Example/Pods-VideoLab_Example.debug.xcconfig"; sourceTree = "<group>"; };
		7D7C49D12F0278F23194CE27 /* Pods-VideoLab_Example.release.xcconfig */ = {isa = PBXFileReference; includeInIndex = 1; lastKnownFileType = text.xcconfig; name = "Pods-VideoLab_Example.release.xcconfig"; path = "Pods/Target Support Files/Pods-VideoLab_Example/Pods-VideoLab_Example.release.xcconfig"; sourceTree = "<group>"; };
		A82565B341B1784212B05E3B /* VideoLab.podspec */ = {isa = PBXFileReference; includeInIndex = 1; lastKnownFileType = text; name = VideoLab.podspec; path = ../VideoLab.podspec; sourceTree = "<group>"; xcLanguageSpecificationIdentifier = xcode.lang.ruby; };
		D77208DE9E2589E94F7B0E30 /* README.md */ = {isa = PBXFileReference; includeInIndex = 1; lastKnownFileType = net.daringfireball.markdown; name = README.md; path = ../README.md; sourceTree = "<group>"; };
		F18E71C233C6CF0CC7C668D4 /* Pods_VideoLab_Example.framework */ = {isa = PBXFileReference; explicitFileType = wrapper.framework; includeInIndex = 0; path = Pods_VideoLab_Example.framework; sourceTree = BUILT_PRODUCTS_DIR; };
/* End PBXFileReference section */

/* Begin PBXFrameworksBuildPhase section */
		607FACCD1AFB9204008FA782 /* Frameworks */ = {
			isa = PBXFrameworksBuildPhase;
			buildActionMask = 2147483647;
			files = (
				6C4D41764043BC22E023E4EB /* Pods_VideoLab_Example.framework in Frameworks */,
			);
			runOnlyForDeploymentPostprocessing = 0;
		};
		607FACE21AFB9204008FA782 /* Frameworks */ = {
			isa = PBXFrameworksBuildPhase;
			buildActionMask = 2147483647;
			files = (
				0DA84D5143A71C45A1A551E6 /* Pods_VideoLab_Tests.framework in Frameworks */,
			);
			runOnlyForDeploymentPostprocessing = 0;
		};
/* End PBXFrameworksBuildPhase section */

/* Begin PBXGroup section */
		2E87DF622412BD210014D9CC /* Resource */ = {
			isa = PBXGroup;
			children = (
				2E97F3A5246839680071AC60 /* Filters */,
				2EC480082452A39400D1D335 /* Storyboard */,
				2EC47FF42452A31D00D1D335 /* Images.xcassets */,
				2EC4800D2452A39400D1D335 /* image1.JPG */,
				2EC480072452A39400D1D335 /* image2.HEIC */,
				2EC4800C2452A39400D1D335 /* image3.HEIC */,
				2EC480062452A39400D1D335 /* video1.MOV */,
				2EC4800B2452A39400D1D335 /* video2.MOV */,
				2EC480052452A39300D1D335 /* video3.MOV */,
				2E2826A62461506F003E4EA8 /* video4.MOV */,
			);
			path = Resource;
			sourceTree = "<group>";
		};
		2E97F3A5246839680071AC60 /* Filters */ = {
			isa = PBXGroup;
			children = (
				2E97F3A6246839680071AC60 /* LUT_M01.png */,
				2E97F3A7246839680071AC60 /* LUT_M02.png */,
				2E97F3A8246839680071AC60 /* LUT_M03.png */,
				2E97F3A9246839680071AC60 /* LUT_M07.png */,
				2E97F3AA246839680071AC60 /* LUT_M06.png */,
				2E97F3AB246839680071AC60 /* LUT_M12.png */,
				2E97F3AC246839680071AC60 /* LUT_M11.png */,
				2E97F3AD246839680071AC60 /* LUT_M05.png */,
				2E97F3AE246839680071AC60 /* LUT_M08.png */,
				2E97F3AF246839680071AC60 /* LUT_M09.png */,
			);
			path = Filters;
			sourceTree = "<group>";
		};
		2EC480082452A39400D1D335 /* Storyboard */ = {
			isa = PBXGroup;
			children = (
				2EC480092452A39400D1D335 /* LaunchScreen.xib */,
				2EC4800A2452A39400D1D335 /* Main.storyboard */,
			);
			path = Storyboard;
			sourceTree = "<group>";
		};
		4BE9E6F11E684DEFC6998053 /* Pods */ = {
			isa = PBXGroup;
			children = (
				77416D1BC476BAEDB7B8C955 /* Pods-VideoLab_Example.debug.xcconfig */,
				7D7C49D12F0278F23194CE27 /* Pods-VideoLab_Example.release.xcconfig */,
				17730C4D1CE60AFE5DF49FBA /* Pods-VideoLab_Tests.debug.xcconfig */,
				49B85F52A9B716ED3D5F3BCD /* Pods-VideoLab_Tests.release.xcconfig */,
			);
			name = Pods;
			sourceTree = "<group>";
		};
		607FACC71AFB9204008FA782 = {
			isa = PBXGroup;
			children = (
				607FACF51AFB993E008FA782 /* Podspec Metadata */,
				607FACD21AFB9204008FA782 /* Example for VideoLab */,
				607FACE81AFB9204008FA782 /* Tests */,
				607FACD11AFB9204008FA782 /* Products */,
				4BE9E6F11E684DEFC6998053 /* Pods */,
				6518C543D02EC8A628CA7FA2 /* Frameworks */,
			);
			sourceTree = "<group>";
		};
		607FACD11AFB9204008FA782 /* Products */ = {
			isa = PBXGroup;
			children = (
				607FACD01AFB9204008FA782 /* VideoLab_Example.app */,
				607FACE51AFB9204008FA782 /* VideoLab_Tests.xctest */,
			);
			name = Products;
			sourceTree = "<group>";
		};
		607FACD21AFB9204008FA782 /* Example for VideoLab */ = {
			isa = PBXGroup;
			children = (
				607FACD51AFB9204008FA782 /* AppDelegate.swift */,
				607FACD71AFB9204008FA782 /* ViewController.swift */,
				2EC322DB24A71DB9005994AE /* PlayerViewController.swift */,
				2E87DF622412BD210014D9CC /* Resource */,
				607FACD31AFB9204008FA782 /* Supporting Files */,
			);
			name = "Example for VideoLab";
			path = VideoLab;
			sourceTree = "<group>";
		};
		607FACD31AFB9204008FA782 /* Supporting Files */ = {
			isa = PBXGroup;
			children = (
				607FACD41AFB9204008FA782 /* Info.plist */,
			);
			name = "Supporting Files";
			sourceTree = "<group>";
		};
		607FACE81AFB9204008FA782 /* Tests */ = {
			isa = PBXGroup;
			children = (
				607FACEB1AFB9204008FA782 /* Tests.swift */,
				607FACE91AFB9204008FA782 /* Supporting Files */,
			);
			path = Tests;
			sourceTree = "<group>";
		};
		607FACE91AFB9204008FA782 /* Supporting Files */ = {
			isa = PBXGroup;
			children = (
				607FACEA1AFB9204008FA782 /* Info.plist */,
			);
			name = "Supporting Files";
			sourceTree = "<group>";
		};
		607FACF51AFB993E008FA782 /* Podspec Metadata */ = {
			isa = PBXGroup;
			children = (
				A82565B341B1784212B05E3B /* VideoLab.podspec */,
				D77208DE9E2589E94F7B0E30 /* README.md */,
				4DCAC2D992EEEFE4BD969690 /* LICENSE */,
			);
			name = "Podspec Metadata";
			sourceTree = "<group>";
		};
		6518C543D02EC8A628CA7FA2 /* Frameworks */ = {
			isa = PBXGroup;
			children = (
				F18E71C233C6CF0CC7C668D4 /* Pods_VideoLab_Example.framework */,
				5C12D39790091FABBA1E2A77 /* Pods_VideoLab_Tests.framework */,
			);
			name = Frameworks;
			sourceTree = "<group>";
		};
/* End PBXGroup section */

/* Begin PBXNativeTarget section */
		607FACCF1AFB9204008FA782 /* VideoLab_Example */ = {
			isa = PBXNativeTarget;
			buildConfigurationList = 607FACEF1AFB9204008FA782 /* Build configuration list for PBXNativeTarget "VideoLab_Example" */;
			buildPhases = (
				99E46E94BE86B80A8D7CCBE7 /* [CP] Check Pods Manifest.lock */,
				607FACCC1AFB9204008FA782 /* Sources */,
				607FACCD1AFB9204008FA782 /* Frameworks */,
				607FACCE1AFB9204008FA782 /* Resources */,
				16516E60E28E886D90777190 /* [CP] Embed Pods Frameworks */,
			);
			buildRules = (
			);
			dependencies = (
			);
			name = VideoLab_Example;
			productName = VideoLab;
			productReference = 607FACD01AFB9204008FA782 /* VideoLab_Example.app */;
			productType = "com.apple.product-type.application";
		};
		607FACE41AFB9204008FA782 /* VideoLab_Tests */ = {
			isa = PBXNativeTarget;
			buildConfigurationList = 607FACF21AFB9204008FA782 /* Build configuration list for PBXNativeTarget "VideoLab_Tests" */;
			buildPhases = (
				674D3913EDE1ACF1DFB9DE79 /* [CP] Check Pods Manifest.lock */,
				607FACE11AFB9204008FA782 /* Sources */,
				607FACE21AFB9204008FA782 /* Frameworks */,
				607FACE31AFB9204008FA782 /* Resources */,
			);
			buildRules = (
			);
			dependencies = (
				607FACE71AFB9204008FA782 /* PBXTargetDependency */,
			);
			name = VideoLab_Tests;
			productName = Tests;
			productReference = 607FACE51AFB9204008FA782 /* VideoLab_Tests.xctest */;
			productType = "com.apple.product-type.bundle.unit-test";
		};
/* End PBXNativeTarget section */

/* Begin PBXProject section */
		607FACC81AFB9204008FA782 /* Project object */ = {
			isa = PBXProject;
			attributes = {
				LastSwiftUpdateCheck = 0830;
				LastUpgradeCheck = 0830;
				ORGANIZATIONNAME = Chocolate;
				TargetAttributes = {
					607FACCF1AFB9204008FA782 = {
						CreatedOnToolsVersion = 6.3.1;
						DevelopmentTeam = KYU49KU2MN;
						LastSwiftMigration = 0900;
						ProvisioningStyle = Automatic;
					};
					607FACE41AFB9204008FA782 = {
						CreatedOnToolsVersion = 6.3.1;
						LastSwiftMigration = 0900;
						ProvisioningStyle = Automatic;
						TestTargetID = 607FACCF1AFB9204008FA782;
					};
				};
			};
			buildConfigurationList = 607FACCB1AFB9204008FA782 /* Build configuration list for PBXProject "VideoLab" */;
			compatibilityVersion = "Xcode 3.2";
			developmentRegion = English;
			hasScannedForEncodings = 0;
			knownRegions = (
				English,
				en,
				Base,
			);
			mainGroup = 607FACC71AFB9204008FA782;
			productRefGroup = 607FACD11AFB9204008FA782 /* Products */;
			projectDirPath = "";
			projectRoot = "";
			targets = (
				607FACCF1AFB9204008FA782 /* VideoLab_Example */,
				607FACE41AFB9204008FA782 /* VideoLab_Tests */,
			);
		};
/* End PBXProject section */

/* Begin PBXResourcesBuildPhase section */
		607FACCE1AFB9204008FA782 /* Resources */ = {
			isa = PBXResourcesBuildPhase;
			buildActionMask = 2147483647;
			files = (
				2EC480122452A39400D1D335 /* Main.storyboard in Resources */,
				2EC480152452A39400D1D335 /* image1.JPG in Resources */,
				2EC47FF72452A31D00D1D335 /* Images.xcassets in Resources */,
				2EC480132452A39400D1D335 /* video2.MOV in Resources */,
				2E97F3B9246839680071AC60 /* LUT_M09.png in Resources */,
				2E97F3B7246839680071AC60 /* LUT_M05.png in Resources */,
				2E97F3B4246839680071AC60 /* LUT_M06.png in Resources */,
				2E97F3B8246839680071AC60 /* LUT_M08.png in Resources */,
				2EC480102452A39400D1D335 /* image2.HEIC in Resources */,
				2EC480142452A39400D1D335 /* image3.HEIC in Resources */,
				2E2826A72461506F003E4EA8 /* video4.MOV in Resources */,
				2E97F3B5246839680071AC60 /* LUT_M12.png in Resources */,
				2E97F3B3246839680071AC60 /* LUT_M07.png in Resources */,
				2E97F3B2246839680071AC60 /* LUT_M03.png in Resources */,
				2E97F3B0246839680071AC60 /* LUT_M01.png in Resources */,
				2EC4800F2452A39400D1D335 /* video1.MOV in Resources */,
				2E97F3B1246839680071AC60 /* LUT_M02.png in Resources */,
				2EC480112452A39400D1D335 /* LaunchScreen.xib in Resources */,
				2EC4800E2452A39400D1D335 /* video3.MOV in Resources */,
				2E97F3B6246839680071AC60 /* LUT_M11.png in Resources */,
			);
			runOnlyForDeploymentPostprocessing = 0;
		};
		607FACE31AFB9204008FA782 /* Resources */ = {
			isa = PBXResourcesBuildPhase;
			buildActionMask = 2147483647;
			files = (
			);
			runOnlyForDeploymentPostprocessing = 0;
		};
/* End PBXResourcesBuildPhase section */

/* Begin PBXShellScriptBuildPhase section */
		16516E60E28E886D90777190 /* [CP] Embed Pods Frameworks */ = {
			isa = PBXShellScriptBuildPhase;
			buildActionMask = 2147483647;
			files = (
			);
			inputPaths = (
				"${PODS_ROOT}/Target Support Files/Pods-VideoLab_Example/Pods-VideoLab_Example-frameworks.sh",
				"${BUILT_PRODUCTS_DIR}/VideoLab/VideoLab.framework",
			);
			name = "[CP] Embed Pods Frameworks";
			outputPaths = (
				"${TARGET_BUILD_DIR}/${FRAMEWORKS_FOLDER_PATH}/VideoLab.framework",
			);
			runOnlyForDeploymentPostprocessing = 0;
			shellPath = /bin/sh;
			shellScript = "\"${PODS_ROOT}/Target Support Files/Pods-VideoLab_Example/Pods-VideoLab_Example-frameworks.sh\"\n";
			showEnvVarsInLog = 0;
		};
		674D3913EDE1ACF1DFB9DE79 /* [CP] Check Pods Manifest.lock */ = {
			isa = PBXShellScriptBuildPhase;
			buildActionMask = 2147483647;
			files = (
			);
			inputFileListPaths = (
			);
			inputPaths = (
				"${PODS_PODFILE_DIR_PATH}/Podfile.lock",
				"${PODS_ROOT}/Manifest.lock",
			);
			name = "[CP] Check Pods Manifest.lock";
			outputFileListPaths = (
			);
			outputPaths = (
				"$(DERIVED_FILE_DIR)/Pods-VideoLab_Tests-checkManifestLockResult.txt",
			);
			runOnlyForDeploymentPostprocessing = 0;
			shellPath = /bin/sh;
			shellScript = "diff \"${PODS_PODFILE_DIR_PATH}/Podfile.lock\" \"${PODS_ROOT}/Manifest.lock\" > /dev/null\nif [ $? != 0 ] ; then\n    # print error to STDERR\n    echo \"error: The sandbox is not in sync with the Podfile.lock. Run 'pod install' or update your CocoaPods installation.\" >&2\n    exit 1\nfi\n# This output is used by Xcode 'outputs' to avoid re-running this script phase.\necho \"SUCCESS\" > \"${SCRIPT_OUTPUT_FILE_0}\"\n";
			showEnvVarsInLog = 0;
		};
		99E46E94BE86B80A8D7CCBE7 /* [CP] Check Pods Manifest.lock */ = {
			isa = PBXShellScriptBuildPhase;
			buildActionMask = 2147483647;
			files = (
			);
			inputFileListPaths = (
			);
			inputPaths = (
				"${PODS_PODFILE_DIR_PATH}/Podfile.lock",
				"${PODS_ROOT}/Manifest.lock",
			);
			name = "[CP] Check Pods Manifest.lock";
			outputFileListPaths = (
			);
			outputPaths = (
				"$(DERIVED_FILE_DIR)/Pods-VideoLab_Example-checkManifestLockResult.txt",
			);
			runOnlyForDeploymentPostprocessing = 0;
			shellPath = /bin/sh;
			shellScript = "diff \"${PODS_PODFILE_DIR_PATH}/Podfile.lock\" \"${PODS_ROOT}/Manifest.lock\" > /dev/null\nif [ $? != 0 ] ; then\n    # print error to STDERR\n    echo \"error: The sandbox is not in sync with the Podfile.lock. Run 'pod install' or update your CocoaPods installation.\" >&2\n    exit 1\nfi\n# This output is used by Xcode 'outputs' to avoid re-running this script phase.\necho \"SUCCESS\" > \"${SCRIPT_OUTPUT_FILE_0}\"\n";
			showEnvVarsInLog = 0;
		};
/* End PBXShellScriptBuildPhase section */

/* Begin PBXSourcesBuildPhase section */
		607FACCC1AFB9204008FA782 /* Sources */ = {
			isa = PBXSourcesBuildPhase;
			buildActionMask = 2147483647;
			files = (
				607FACD81AFB9204008FA782 /* ViewController.swift in Sources */,
				2EC322DC24A71DB9005994AE /* PlayerViewController.swift in Sources */,
				607FACD61AFB9204008FA782 /* AppDelegate.swift in Sources */,
			);
			runOnlyForDeploymentPostprocessing = 0;
		};
		607FACE11AFB9204008FA782 /* Sources */ = {
			isa = PBXSourcesBuildPhase;
			buildActionMask = 2147483647;
			files = (
				607FACEC1AFB9204008FA782 /* Tests.swift in Sources */,
			);
			runOnlyForDeploymentPostprocessing = 0;
		};
/* End PBXSourcesBuildPhase section */

/* Begin PBXTargetDependency section */
		607FACE71AFB9204008FA782 /* PBXTargetDependency */ = {
			isa = PBXTargetDependency;
			target = 607FACCF1AFB9204008FA782 /* VideoLab_Example */;
			targetProxy = 607FACE61AFB9204008FA782 /* PBXContainerItemProxy */;
		};
/* End PBXTargetDependency section */

/* Begin XCBuildConfiguration section */
		607FACED1AFB9204008FA782 /* Debug */ = {
			isa = XCBuildConfiguration;
			buildSettings = {
				ALWAYS_SEARCH_USER_PATHS = NO;
				CLANG_CXX_LANGUAGE_STANDARD = "gnu++0x";
				CLANG_CXX_LIBRARY = "libc++";
				CLANG_ENABLE_MODULES = YES;
				CLANG_ENABLE_OBJC_ARC = YES;
				CLANG_WARN_BLOCK_CAPTURE_AUTORELEASING = YES;
				CLANG_WARN_BOOL_CONVERSION = YES;
				CLANG_WARN_COMMA = YES;
				CLANG_WARN_CONSTANT_CONVERSION = YES;
				CLANG_WARN_DIRECT_OBJC_ISA_USAGE = YES_ERROR;
				CLANG_WARN_EMPTY_BODY = YES;
				CLANG_WARN_ENUM_CONVERSION = YES;
				CLANG_WARN_INFINITE_RECURSION = YES;
				CLANG_WARN_INT_CONVERSION = YES;
				CLANG_WARN_NON_LITERAL_NULL_CONVERSION = YES;
				CLANG_WARN_OBJC_LITERAL_CONVERSION = YES;
				CLANG_WARN_OBJC_ROOT_CLASS = YES_ERROR;
				CLANG_WARN_RANGE_LOOP_ANALYSIS = YES;
				CLANG_WARN_STRICT_PROTOTYPES = YES;
				CLANG_WARN_SUSPICIOUS_MOVE = YES;
				CLANG_WARN_UNREACHABLE_CODE = YES;
				CLANG_WARN__DUPLICATE_METHOD_MATCH = YES;
				"CODE_SIGN_IDENTITY[sdk=iphoneos*]" = "iPhone Developer";
				COPY_PHASE_STRIP = NO;
				DEBUG_INFORMATION_FORMAT = "dwarf-with-dsym";
				ENABLE_STRICT_OBJC_MSGSEND = YES;
				ENABLE_TESTABILITY = YES;
				GCC_C_LANGUAGE_STANDARD = gnu99;
				GCC_DYNAMIC_NO_PIC = NO;
				GCC_NO_COMMON_BLOCKS = YES;
				GCC_OPTIMIZATION_LEVEL = 0;
				GCC_PREPROCESSOR_DEFINITIONS = (
					"DEBUG=1",
					"$(inherited)",
				);
				GCC_SYMBOLS_PRIVATE_EXTERN = NO;
				GCC_WARN_64_TO_32_BIT_CONVERSION = YES;
				GCC_WARN_ABOUT_RETURN_TYPE = YES_ERROR;
				GCC_WARN_UNDECLARED_SELECTOR = YES;
				GCC_WARN_UNINITIALIZED_AUTOS = YES_AGGRESSIVE;
				GCC_WARN_UNUSED_FUNCTION = YES;
				GCC_WARN_UNUSED_VARIABLE = YES;
				IPHONEOS_DEPLOYMENT_TARGET = 11.0;
				MTL_ENABLE_DEBUG_INFO = YES;
				ONLY_ACTIVE_ARCH = YES;
				SDKROOT = iphoneos;
				SWIFT_OPTIMIZATION_LEVEL = "-Onone";
			};
			name = Debug;
		};
		607FACEE1AFB9204008FA782 /* Release */ = {
			isa = XCBuildConfiguration;
			buildSettings = {
				ALWAYS_SEARCH_USER_PATHS = NO;
				CLANG_CXX_LANGUAGE_STANDARD = "gnu++0x";
				CLANG_CXX_LIBRARY = "libc++";
				CLANG_ENABLE_MODULES = YES;
				CLANG_ENABLE_OBJC_ARC = YES;
				CLANG_WARN_BLOCK_CAPTURE_AUTORELEASING = YES;
				CLANG_WARN_BOOL_CONVERSION = YES;
				CLANG_WARN_COMMA = YES;
				CLANG_WARN_CONSTANT_CONVERSION = YES;
				CLANG_WARN_DIRECT_OBJC_ISA_USAGE = YES_ERROR;
				CLANG_WARN_EMPTY_BODY = YES;
				CLANG_WARN_ENUM_CONVERSION = YES;
				CLANG_WARN_INFINITE_RECURSION = YES;
				CLANG_WARN_INT_CONVERSION = YES;
				CLANG_WARN_NON_LITERAL_NULL_CONVERSION = YES;
				CLANG_WARN_OBJC_LITERAL_CONVERSION = YES;
				CLANG_WARN_OBJC_ROOT_CLASS = YES_ERROR;
				CLANG_WARN_RANGE_LOOP_ANALYSIS = YES;
				CLANG_WARN_STRICT_PROTOTYPES = YES;
				CLANG_WARN_SUSPICIOUS_MOVE = YES;
				CLANG_WARN_UNREACHABLE_CODE = YES;
				CLANG_WARN__DUPLICATE_METHOD_MATCH = YES;
				"CODE_SIGN_IDENTITY[sdk=iphoneos*]" = "iPhone Developer";
				COPY_PHASE_STRIP = NO;
				DEBUG_INFORMATION_FORMAT = "dwarf-with-dsym";
				ENABLE_NS_ASSERTIONS = NO;
				ENABLE_STRICT_OBJC_MSGSEND = YES;
				GCC_C_LANGUAGE_STANDARD = gnu99;
				GCC_NO_COMMON_BLOCKS = YES;
				GCC_WARN_64_TO_32_BIT_CONVERSION = YES;
				GCC_WARN_ABOUT_RETURN_TYPE = YES_ERROR;
				GCC_WARN_UNDECLARED_SELECTOR = YES;
				GCC_WARN_UNINITIALIZED_AUTOS = YES_AGGRESSIVE;
				GCC_WARN_UNUSED_FUNCTION = YES;
				GCC_WARN_UNUSED_VARIABLE = YES;
				IPHONEOS_DEPLOYMENT_TARGET = 11.0;
				MTL_ENABLE_DEBUG_INFO = NO;
				SDKROOT = iphoneos;
				SWIFT_OPTIMIZATION_LEVEL = "-Owholemodule";
				VALIDATE_PRODUCT = YES;
			};
			name = Release;
		};
		607FACF01AFB9204008FA782 /* Debug */ = {
			isa = XCBuildConfiguration;
			baseConfigurationReference = 77416D1BC476BAEDB7B8C955 /* Pods-VideoLab_Example.debug.xcconfig */;
			buildSettings = {
				ASSETCATALOG_COMPILER_APPICON_NAME = AppIcon;
				CODE_SIGN_IDENTITY = "Apple Development";
				CODE_SIGN_STYLE = Automatic;
				DEVELOPMENT_TEAM = KYU49KU2MN;
				INFOPLIST_FILE = VideoLab/Info.plist;
				IPHONEOS_DEPLOYMENT_TARGET = 11.0;
				LD_RUNPATH_SEARCH_PATHS = "$(inherited) @executable_path/Frameworks";
				MODULE_NAME = ExampleApp;
				MTL_HEADER_SEARCH_PATHS = "";
				PRODUCT_BUNDLE_IDENTIFIER = "org.cocoapods.demo.$(PRODUCT_NAME:rfc1034identifier)";
				PRODUCT_NAME = "$(TARGET_NAME)";
				PROVISIONING_PROFILE_SPECIFIER = "";
				SWIFT_SWIFT3_OBJC_INFERENCE = Default;
				SWIFT_VERSION = 5.0;
			};
			name = Debug;
		};
		607FACF11AFB9204008FA782 /* Release */ = {
			isa = XCBuildConfiguration;
			baseConfigurationReference = 7D7C49D12F0278F23194CE27 /* Pods-VideoLab_Example.release.xcconfig */;
			buildSettings = {
				ASSETCATALOG_COMPILER_APPICON_NAME = AppIcon;
				CODE_SIGN_IDENTITY = "Apple Development";
				CODE_SIGN_STYLE = Automatic;
				DEVELOPMENT_TEAM = KYU49KU2MN;
				INFOPLIST_FILE = VideoLab/Info.plist;
				IPHONEOS_DEPLOYMENT_TARGET = 11.0;
				LD_RUNPATH_SEARCH_PATHS = "$(inherited) @executable_path/Frameworks";
				MODULE_NAME = ExampleApp;
				MTL_HEADER_SEARCH_PATHS = "";
				PRODUCT_BUNDLE_IDENTIFIER = "org.cocoapods.demo.$(PRODUCT_NAME:rfc1034identifier)";
				PRODUCT_NAME = "$(TARGET_NAME)";
				PROVISIONING_PROFILE_SPECIFIER = "";
				SWIFT_SWIFT3_OBJC_INFERENCE = Default;
				SWIFT_VERSION = 5.0;
			};
			name = Release;
		};
		607FACF31AFB9204008FA782 /* Debug */ = {
			isa = XCBuildConfiguration;
			baseConfigurationReference = 17730C4D1CE60AFE5DF49FBA /* Pods-VideoLab_Tests.debug.xcconfig */;
			buildSettings = {
				CODE_SIGN_IDENTITY = "Apple Development";
				"CODE_SIGN_IDENTITY[sdk=macosx*]" = "Apple Development";
				CODE_SIGN_STYLE = Automatic;
				DEVELOPMENT_TEAM = "";
				FRAMEWORK_SEARCH_PATHS = (
					"$(PLATFORM_DIR)/Developer/Library/Frameworks",
					"$(inherited)",
				);
				GCC_PREPROCESSOR_DEFINITIONS = (
					"DEBUG=1",
					"$(inherited)",
				);
				INFOPLIST_FILE = Tests/Info.plist;
				LD_RUNPATH_SEARCH_PATHS = "$(inherited) @executable_path/Frameworks @loader_path/Frameworks";
				PRODUCT_BUNDLE_IDENTIFIER = "org.cocoapods.$(PRODUCT_NAME:rfc1034identifier)";
				PRODUCT_NAME = "$(TARGET_NAME)";
				PROVISIONING_PROFILE_SPECIFIER = "";
				"PROVISIONING_PROFILE_SPECIFIER[sdk=macosx*]" = "";
				SWIFT_SWIFT3_OBJC_INFERENCE = Default;
				SWIFT_VERSION = 4.0;
				TEST_HOST = "$(BUILT_PRODUCTS_DIR)/VideoLab_Example.app/VideoLab_Example";
			};
			name = Debug;
		};
		607FACF41AFB9204008FA782 /* Release */ = {
			isa = XCBuildConfiguration;
			baseConfigurationReference = 49B85F52A9B716ED3D5F3BCD /* Pods-VideoLab_Tests.release.xcconfig */;
			buildSettings = {
				CODE_SIGN_IDENTITY = "Apple Development";
				"CODE_SIGN_IDENTITY[sdk=macosx*]" = "Apple Development";
				CODE_SIGN_STYLE = Automatic;
				DEVELOPMENT_TEAM = "";
				FRAMEWORK_SEARCH_PATHS = (
					"$(PLATFORM_DIR)/Developer/Library/Frameworks",
					"$(inherited)",
				);
				INFOPLIST_FILE = Tests/Info.plist;
				LD_RUNPATH_SEARCH_PATHS = "$(inherited) @executable_path/Frameworks @loader_path/Frameworks";
				PRODUCT_BUNDLE_IDENTIFIER = "org.cocoapods.$(PRODUCT_NAME:rfc1034identifier)";
				PRODUCT_NAME = "$(TARGET_NAME)";
				PROVISIONING_PROFILE_SPECIFIER = "";
				"PROVISIONING_PROFILE_SPECIFIER[sdk=macosx*]" = "";
				SWIFT_SWIFT3_OBJC_INFERENCE = Default;
				SWIFT_VERSION = 4.0;
				TEST_HOST = "$(BUILT_PRODUCTS_DIR)/VideoLab_Example.app/VideoLab_Example";
			};
			name = Release;
		};
/* End XCBuildConfiguration section */

/* Begin XCConfigurationList section */
		607FACCB1AFB9204008FA782 /* Build configuration list for PBXProject "VideoLab" */ = {
			isa = XCConfigurationList;
			buildConfigurations = (
				607FACED1AFB9204008FA782 /* Debug */,
				607FACEE1AFB9204008FA782 /* Release */,
			);
			defaultConfigurationIsVisible = 0;
			defaultConfigurationName = Release;
		};
		607FACEF1AFB9204008FA782 /* Build configuration list for PBXNativeTarget "VideoLab_Example" */ = {
			isa = XCConfigurationList;
			buildConfigurations = (
				607FACF01AFB9204008FA782 /* Debug */,
				607FACF11AFB9204008FA782 /* Release */,
			);
			defaultConfigurationIsVisible = 0;
			defaultConfigurationName = Release;
		};
		607FACF21AFB9204008FA782 /* Build configuration list for PBXNativeTarget "VideoLab_Tests" */ = {
			isa = XCConfigurationList;
			buildConfigurations = (
				607FACF31AFB9204008FA782 /* Debug */,
				607FACF41AFB9204008FA782 /* Release */,
			);
			defaultConfigurationIsVisible = 0;
			defaultConfigurationName = Release;
		};
/* End XCConfigurationList section */
	};
	rootObject = 607FACC81AFB9204008FA782 /* Project object */;
}
